{"product_name":"eacoophp","product_verion":"1.2.8","build_verion":"201808261359","access_token":"29382adcc39d6b851fd6b3270cb87af7","expiring_time":0,"accredit_status":"no","status_show_text":"EacooPHP-v1.2.8 <a class=\"btn btn-warning btn-flat btn-xs\" href=\"https:\/\/www.eacoophp.com\/pricing\" target=\"_blank\">\u672a\u6388\u6743<\/a>&nbsp;&nbsp;&nbsp;"}